
Microsoft Visual Studio Solution File, Format Version 12.00
# Visual Studio 15
Project("{FAE04EC0-301F-11D3-BF4B-00C04F79EFBC}") = "TermManager.Android", "TermManager.Android\TermManager.Android.csproj", "{2086FFAB-F205-424F-98CA-6C11D4BB226F}"
EndProject
Project("{FAE04EC0-301F-11D3-BF4B-00C04F79EFBC}") = "TermManager.iOS", "TermManager.iOS\TermManager.iOS.csproj", "{344DEFA6-4AAC-4A59-A9A4-16F3C8D109FA}"
EndProject
Project("{FAE04EC0-301F-11D3-BF4B-00C04F79EFBC}") = "TermManager", "TermManager\TermManager.csproj", "{024EAF45-5969-4F84-A426-1F633984F8D0}"
EndProject
Global
	GlobalSection(SolutionConfigurationPlatforms) = preSolution
		Debug|Any CPU = Debug|Any CPU
		Release|Any CPU = Release|Any CPU
		Debug|iPhoneSimulator = Debug|iPhoneSimulator
		Release|iPhoneSimulator = Release|iPhoneSimulator
		Debug|iPhone = Debug|iPhone
		Release|iPhone = Release|iPhone
	EndGlobalSection
	GlobalSection(ProjectConfigurationPlatforms) = postSolution
		{2086FFAB-F205-424F-98CA-6C11D4BB226F}.Debug|Any CPU.ActiveCfg = Debug|Any CPU
		{2086FFAB-F205-424F-98CA-6C11D4BB226F}.Debug|Any CPU.Build.0 = Debug|Any CPU
		{2086FFAB-F205-424F-98CA-6C11D4BB226F}.Release|Any CPU.ActiveCfg = Release|Any CPU
		{2086FFAB-F205-424F-98CA-6C11D4BB226F}.Release|Any CPU.Build.0 = Release|Any CPU
		{2086FFAB-F205-424F-98CA-6C11D4BB226F}.Debug|iPhoneSimulator.ActiveCfg = Debug|Any CPU
		{2086FFAB-F205-424F-98CA-6C11D4BB226F}.Debug|iPhoneSimulator.Build.0 = Debug|Any CPU
		{2086FFAB-F205-424F-98CA-6C11D4BB226F}.Release|iPhoneSimulator.ActiveCfg = Release|Any CPU
		{2086FFAB-F205-424F-98CA-6C11D4BB226F}.Release|iPhoneSimulator.Build.0 = Release|Any CPU
		{2086FFAB-F205-424F-98CA-6C11D4BB226F}.Debug|iPhone.ActiveCfg = Debug|Any CPU
		{2086FFAB-F205-424F-98CA-6C11D4BB226F}.Debug|iPhone.Build.0 = Debug|Any CPU
		{2086FFAB-F205-424F-98CA-6C11D4BB226F}.Release|iPhone.ActiveCfg = Release|Any CPU
		{2086FFAB-F205-424F-98CA-6C11D4BB226F}.Release|iPhone.Build.0 = Release|Any CPU
		{344DEFA6-4AAC-4A59-A9A4-16F3C8D109FA}.Debug|Any CPU.ActiveCfg = Debug|iPhoneSimulator
		{344DEFA6-4AAC-4A59-A9A4-16F3C8D109FA}.Debug|Any CPU.Build.0 = Debug|iPhoneSimulator
		{344DEFA6-4AAC-4A59-A9A4-16F3C8D109FA}.Release|Any CPU.ActiveCfg = Release|iPhoneSimulator
		{344DEFA6-4AAC-4A59-A9A4-16F3C8D109FA}.Release|Any CPU.Build.0 = Release|iPhoneSimulator
		{344DEFA6-4AAC-4A59-A9A4-16F3C8D109FA}.Debug|iPhoneSimulator.ActiveCfg = Debug|iPhoneSimulator
		{344DEFA6-4AAC-4A59-A9A4-16F3C8D109FA}.Debug|iPhoneSimulator.Build.0 = Debug|iPhoneSimulator
		{344DEFA6-4AAC-4A59-A9A4-16F3C8D109FA}.Release|iPhoneSimulator.ActiveCfg = Release|iPhoneSimulator
		{344DEFA6-4AAC-4A59-A9A4-16F3C8D109FA}.Release|iPhoneSimulator.Build.0 = Release|iPhoneSimulator
		{344DEFA6-4AAC-4A59-A9A4-16F3C8D109FA}.Debug|iPhone.ActiveCfg = Debug|iPhone
		{344DEFA6-4AAC-4A59-A9A4-16F3C8D109FA}.Debug|iPhone.Build.0 = Debug|iPhone
		{344DEFA6-4AAC-4A59-A9A4-16F3C8D109FA}.Release|iPhone.ActiveCfg = Release|iPhone
		{344DEFA6-4AAC-4A59-A9A4-16F3C8D109FA}.Release|iPhone.Build.0 = Release|iPhone
		{024EAF45-5969-4F84-A426-1F633984F8D0}.Debug|Any CPU.ActiveCfg = Debug|Any CPU
		{024EAF45-5969-4F84-A426-1F633984F8D0}.Debug|Any CPU.Build.0 = Debug|Any CPU
		{024EAF45-5969-4F84-A426-1F633984F8D0}.Release|Any CPU.ActiveCfg = Release|Any CPU
		{024EAF45-5969-4F84-A426-1F633984F8D0}.Release|Any CPU.Build.0 = Release|Any CPU
		{024EAF45-5969-4F84-A426-1F633984F8D0}.Debug|iPhoneSimulator.ActiveCfg = Debug|Any CPU
		{024EAF45-5969-4F84-A426-1F633984F8D0}.Debug|iPhoneSimulator.Build.0 = Debug|Any CPU
		{024EAF45-5969-4F84-A426-1F633984F8D0}.Release|iPhoneSimulator.ActiveCfg = Release|Any CPU
		{024EAF45-5969-4F84-A426-1F633984F8D0}.Release|iPhoneSimulator.Build.0 = Release|Any CPU
		{024EAF45-5969-4F84-A426-1F633984F8D0}.Debug|iPhone.ActiveCfg = Debug|Any CPU
		{024EAF45-5969-4F84-A426-1F633984F8D0}.Debug|iPhone.Build.0 = Debug|Any CPU
		{024EAF45-5969-4F84-A426-1F633984F8D0}.Release|iPhone.ActiveCfg = Release|Any CPU
		{024EAF45-5969-4F84-A426-1F633984F8D0}.Release|iPhone.Build.0 = Release|Any CPU
	EndGlobalSection
EndGlobal
